
Microsoft Visual Studio Solution File, Format Version 12.00
# Visual Studio Version 17
VisualStudioVersion = 17.6.33723.286
MinimumVisualStudioVersion = 10.0.40219.1
Project("{FAE04EC0-301F-11D3-BF4B-00C04F79EFBC}") = "WorkingWithC#9Records", "WorkingWithC#9Records.csproj", "{09DA410D-68D9-4023-A48E-0A969CFAA669}"
EndProject
Global
	GlobalSection(SolutionConfigurationPlatforms) = preSolution
		Debug|Any CPU = Debug|Any CPU
		Release|Any CPU = Release|Any CPU
	EndGlobalSection
	GlobalSection(ProjectConfigurationPlatforms) = postSolution
		{09DA410D-68D9-4023-A48E-0A969CFAA669}.Debug|Any CPU.ActiveCfg = Debug|Any CPU
		{09DA410D-68D9-4023-A48E-0A969CFAA669}.Debug|Any CPU.Build.0 = Debug|Any CPU
		{09DA410D-68D9-4023-A48E-0A969CFAA669}.Release|Any CPU.ActiveCfg = Release|Any CPU
		{09DA410D-68D9-4023-A48E-0A969CFAA669}.Release|Any CPU.Build.0 = Release|Any CPU
	EndGlobalSection
	GlobalSection(SolutionProperties) = preSolution
		HideSolutionNode = FALSE
	EndGlobalSection
	GlobalSection(ExtensibilityGlobals) = postSolution
		SolutionGuid = {86B54911-E6E8-47C8-8F34-2A0A947E7E74}
	EndGlobalSection
EndGlobal
