
Microsoft Visual Studio Solution File, Format Version 12.00
# Visual Studio Version 17
VisualStudioVersion = 17.5.33530.505
MinimumVisualStudioVersion = 10.0.40219.1
Project("{9A19103F-16F7-4668-BE54-9A1E7A4F7556}") = "DotNetAll", "DotNetAll.csproj", "{AC3EF522-1B51-4D37-A0C1-2DE151C7E3D6}"
EndProject
Project("{9A19103F-16F7-4668-BE54-9A1E7A4F7556}") = "Core", "..\Core\Core.csproj", "{8596CC37-2564-4408-8C06-CBB9A59D26BB}"
EndProject
Project("{2150E333-8FDC-42A3-9474-1A3956D46DE8}") = "Interfacec#8", "Interfacec#8", "{EFBDAE2A-49AA-40DD-8CDF-8A90BC8C678E}"
EndProject
Project("{2150E333-8FDC-42A3-9474-1A3956D46DE8}") = "Readers", "Readers", "{40D37DF5-85AF-494C-9A12-2FAFA1B051C8}"
EndProject
Project("{9A19103F-16F7-4668-BE54-9A1E7A4F7556}") = "PersonReader.Interface", "..\PersonalReader.Interface\PersonReader.Interface.csproj", "{DC701451-2C13-4B26-AC0C-895D1B00E3AC}"
EndProject
Project("{2150E333-8FDC-42A3-9474-1A3956D46DE8}") = "Services", "Services", "{6F748EBB-3DC5-46A3-B48A-6AFA7CC5C003}"
EndProject
Project("{9A19103F-16F7-4668-BE54-9A1E7A4F7556}") = "People.Services", "..\People.Services\People.Services.csproj", "{B2CA7585-4635-4285-81D3-4038333A88CA}"
EndProject
Project("{9A19103F-16F7-4668-BE54-9A1E7A4F7556}") = "PersonReader.Service", "..\PersonReader.Service\PersonReader.Service.csproj", "{9D549BBD-3938-40BB-A24C-B3C8770912DF}"
EndProject
Project("{9A19103F-16F7-4668-BE54-9A1E7A4F7556}") = "PeopleViewer", "..\PeopleViewer\PeopleViewer.csproj", "{F34C6618-9ED1-4904-BF24-F24C447B9BF2}"
EndProject
Project("{9A19103F-16F7-4668-BE54-9A1E7A4F7556}") = "PersonReader.CSV", "..\PersonReader.CSV\PersonReader.CSV.csproj", "{0CABA88A-1395-41CC-82FD-29C8146A505B}"
EndProject
Project("{9A19103F-16F7-4668-BE54-9A1E7A4F7556}") = "PersonReader.SQLServer", "..\PersonReader.SQLServer\PersonReader.SQLServer.csproj", "{7D59C9D5-D71A-4EEE-831C-C3B51223525D}"
EndProject
Project("{9A19103F-16F7-4668-BE54-9A1E7A4F7556}") = "PersonReader.Factory", "..\PersonReader.Factory\PersonReader.Factory.csproj", "{A31B6885-CBBA-4818-B129-4FE8E2482339}"
EndProject
Project("{2150E333-8FDC-42A3-9474-1A3956D46DE8}") = "GenericC#9", "GenericC#9", "{4DA37B02-730B-49C5-9958-E29D908545CA}"
EndProject
Project("{9A19103F-16F7-4668-BE54-9A1E7A4F7556}") = "GenericC#9", "..\GenericC#9\GenericC#9.csproj", "{27BD280E-9580-495F-9B5D-4A032FE71B20}"
EndProject
Project("{FAE04EC0-301F-11D3-BF4B-00C04F79EFBC}") = "WiredBrainCoffee.StorageApp", "..\WiredBrainCoffee.StorageApp\WiredBrainCoffee.StorageApp.csproj", "{C5D03770-36FD-41F5-A9AD-788800478F89}"
EndProject
Project("{FAE04EC0-301F-11D3-BF4B-00C04F79EFBC}") = "EntityFramworkInMemory", "..\EntityFramworkInMemory\EntityFramworkInMemory.csproj", "{4BE2C43D-6ECB-458E-8718-E8D508796918}"
EndProject
Project("{FAE04EC0-301F-11D3-BF4B-00C04F79EFBC}") = "SpecialCaseInGenericClass", "..\SpecialCaseInGenericClass\SpecialCaseInGenericClass.csproj", "{8D51771A-24B6-4258-8EDC-DBCC2D485697}"
EndProject
Project("{FAE04EC0-301F-11D3-BF4B-00C04F79EFBC}") = "AnonymousAndDynamicDataType", "..\AnonymousAndDynamicDataType\AnonymousAndDynamicDataType.csproj", "{602D128F-A0F9-4B0C-982F-C8C79918529B}"
EndProject
Global
	GlobalSection(SolutionConfigurationPlatforms) = preSolution
		Debug|Any CPU = Debug|Any CPU
		Release|Any CPU = Release|Any CPU
	EndGlobalSection
	GlobalSection(ProjectConfigurationPlatforms) = postSolution
		{AC3EF522-1B51-4D37-A0C1-2DE151C7E3D6}.Debug|Any CPU.ActiveCfg = Debug|Any CPU
		{AC3EF522-1B51-4D37-A0C1-2DE151C7E3D6}.Debug|Any CPU.Build.0 = Debug|Any CPU
		{AC3EF522-1B51-4D37-A0C1-2DE151C7E3D6}.Release|Any CPU.ActiveCfg = Release|Any CPU
		{AC3EF522-1B51-4D37-A0C1-2DE151C7E3D6}.Release|Any CPU.Build.0 = Release|Any CPU
		{8596CC37-2564-4408-8C06-CBB9A59D26BB}.Debug|Any CPU.ActiveCfg = Debug|Any CPU
		{8596CC37-2564-4408-8C06-CBB9A59D26BB}.Debug|Any CPU.Build.0 = Debug|Any CPU
		{8596CC37-2564-4408-8C06-CBB9A59D26BB}.Release|Any CPU.ActiveCfg = Release|Any CPU
		{8596CC37-2564-4408-8C06-CBB9A59D26BB}.Release|Any CPU.Build.0 = Release|Any CPU
		{DC701451-2C13-4B26-AC0C-895D1B00E3AC}.Debug|Any CPU.ActiveCfg = Debug|Any CPU
		{DC701451-2C13-4B26-AC0C-895D1B00E3AC}.Debug|Any CPU.Build.0 = Debug|Any CPU
		{DC701451-2C13-4B26-AC0C-895D1B00E3AC}.Release|Any CPU.ActiveCfg = Release|Any CPU
		{DC701451-2C13-4B26-AC0C-895D1B00E3AC}.Release|Any CPU.Build.0 = Release|Any CPU
		{B2CA7585-4635-4285-81D3-4038333A88CA}.Debug|Any CPU.ActiveCfg = Debug|Any CPU
		{B2CA7585-4635-4285-81D3-4038333A88CA}.Debug|Any CPU.Build.0 = Debug|Any CPU
		{B2CA7585-4635-4285-81D3-4038333A88CA}.Release|Any CPU.ActiveCfg = Release|Any CPU
		{B2CA7585-4635-4285-81D3-4038333A88CA}.Release|Any CPU.Build.0 = Release|Any CPU
		{9D549BBD-3938-40BB-A24C-B3C8770912DF}.Debug|Any CPU.ActiveCfg = Debug|Any CPU
		{9D549BBD-3938-40BB-A24C-B3C8770912DF}.Debug|Any CPU.Build.0 = Debug|Any CPU
		{9D549BBD-3938-40BB-A24C-B3C8770912DF}.Release|Any CPU.ActiveCfg = Release|Any CPU
		{9D549BBD-3938-40BB-A24C-B3C8770912DF}.Release|Any CPU.Build.0 = Release|Any CPU
		{F34C6618-9ED1-4904-BF24-F24C447B9BF2}.Debug|Any CPU.ActiveCfg = Debug|Any CPU
		{F34C6618-9ED1-4904-BF24-F24C447B9BF2}.Debug|Any CPU.Build.0 = Debug|Any CPU
		{F34C6618-9ED1-4904-BF24-F24C447B9BF2}.Release|Any CPU.ActiveCfg = Release|Any CPU
		{F34C6618-9ED1-4904-BF24-F24C447B9BF2}.Release|Any CPU.Build.0 = Release|Any CPU
		{0CABA88A-1395-41CC-82FD-29C8146A505B}.Debug|Any CPU.ActiveCfg = Debug|Any CPU
		{0CABA88A-1395-41CC-82FD-29C8146A505B}.Debug|Any CPU.Build.0 = Debug|Any CPU
		{0CABA88A-1395-41CC-82FD-29C8146A505B}.Release|Any CPU.ActiveCfg = Release|Any CPU
		{0CABA88A-1395-41CC-82FD-29C8146A505B}.Release|Any CPU.Build.0 = Release|Any CPU
		{7D59C9D5-D71A-4EEE-831C-C3B51223525D}.Debug|Any CPU.ActiveCfg = Debug|Any CPU
		{7D59C9D5-D71A-4EEE-831C-C3B51223525D}.Debug|Any CPU.Build.0 = Debug|Any CPU
		{7D59C9D5-D71A-4EEE-831C-C3B51223525D}.Release|Any CPU.ActiveCfg = Release|Any CPU
		{7D59C9D5-D71A-4EEE-831C-C3B51223525D}.Release|Any CPU.Build.0 = Release|Any CPU
		{A31B6885-CBBA-4818-B129-4FE8E2482339}.Debug|Any CPU.ActiveCfg = Debug|Any CPU
		{A31B6885-CBBA-4818-B129-4FE8E2482339}.Debug|Any CPU.Build.0 = Debug|Any CPU
		{A31B6885-CBBA-4818-B129-4FE8E2482339}.Release|Any CPU.ActiveCfg = Release|Any CPU
		{A31B6885-CBBA-4818-B129-4FE8E2482339}.Release|Any CPU.Build.0 = Release|Any CPU
		{27BD280E-9580-495F-9B5D-4A032FE71B20}.Debug|Any CPU.ActiveCfg = Debug|Any CPU
		{27BD280E-9580-495F-9B5D-4A032FE71B20}.Debug|Any CPU.Build.0 = Debug|Any CPU
		{27BD280E-9580-495F-9B5D-4A032FE71B20}.Release|Any CPU.ActiveCfg = Release|Any CPU
		{27BD280E-9580-495F-9B5D-4A032FE71B20}.Release|Any CPU.Build.0 = Release|Any CPU
		{C5D03770-36FD-41F5-A9AD-788800478F89}.Debug|Any CPU.ActiveCfg = Debug|Any CPU
		{C5D03770-36FD-41F5-A9AD-788800478F89}.Debug|Any CPU.Build.0 = Debug|Any CPU
		{C5D03770-36FD-41F5-A9AD-788800478F89}.Release|Any CPU.ActiveCfg = Release|Any CPU
		{C5D03770-36FD-41F5-A9AD-788800478F89}.Release|Any CPU.Build.0 = Release|Any CPU
		{4BE2C43D-6ECB-458E-8718-E8D508796918}.Debug|Any CPU.ActiveCfg = Debug|Any CPU
		{4BE2C43D-6ECB-458E-8718-E8D508796918}.Debug|Any CPU.Build.0 = Debug|Any CPU
		{4BE2C43D-6ECB-458E-8718-E8D508796918}.Release|Any CPU.ActiveCfg = Release|Any CPU
		{4BE2C43D-6ECB-458E-8718-E8D508796918}.Release|Any CPU.Build.0 = Release|Any CPU
		{8D51771A-24B6-4258-8EDC-DBCC2D485697}.Debug|Any CPU.ActiveCfg = Debug|Any CPU
		{8D51771A-24B6-4258-8EDC-DBCC2D485697}.Debug|Any CPU.Build.0 = Debug|Any CPU
		{8D51771A-24B6-4258-8EDC-DBCC2D485697}.Release|Any CPU.ActiveCfg = Release|Any CPU
		{8D51771A-24B6-4258-8EDC-DBCC2D485697}.Release|Any CPU.Build.0 = Release|Any CPU
		{602D128F-A0F9-4B0C-982F-C8C79918529B}.Debug|Any CPU.ActiveCfg = Debug|Any CPU
		{602D128F-A0F9-4B0C-982F-C8C79918529B}.Debug|Any CPU.Build.0 = Debug|Any CPU
		{602D128F-A0F9-4B0C-982F-C8C79918529B}.Release|Any CPU.ActiveCfg = Release|Any CPU
		{602D128F-A0F9-4B0C-982F-C8C79918529B}.Release|Any CPU.Build.0 = Release|Any CPU
	EndGlobalSection
	GlobalSection(SolutionProperties) = preSolution
		HideSolutionNode = FALSE
	EndGlobalSection
	GlobalSection(NestedProjects) = preSolution
		{AC3EF522-1B51-4D37-A0C1-2DE151C7E3D6} = {EFBDAE2A-49AA-40DD-8CDF-8A90BC8C678E}
		{8596CC37-2564-4408-8C06-CBB9A59D26BB} = {EFBDAE2A-49AA-40DD-8CDF-8A90BC8C678E}
		{40D37DF5-85AF-494C-9A12-2FAFA1B051C8} = {EFBDAE2A-49AA-40DD-8CDF-8A90BC8C678E}
		{DC701451-2C13-4B26-AC0C-895D1B00E3AC} = {40D37DF5-85AF-494C-9A12-2FAFA1B051C8}
		{6F748EBB-3DC5-46A3-B48A-6AFA7CC5C003} = {EFBDAE2A-49AA-40DD-8CDF-8A90BC8C678E}
		{B2CA7585-4635-4285-81D3-4038333A88CA} = {6F748EBB-3DC5-46A3-B48A-6AFA7CC5C003}
		{9D549BBD-3938-40BB-A24C-B3C8770912DF} = {40D37DF5-85AF-494C-9A12-2FAFA1B051C8}
		{F34C6618-9ED1-4904-BF24-F24C447B9BF2} = {EFBDAE2A-49AA-40DD-8CDF-8A90BC8C678E}
		{0CABA88A-1395-41CC-82FD-29C8146A505B} = {40D37DF5-85AF-494C-9A12-2FAFA1B051C8}
		{7D59C9D5-D71A-4EEE-831C-C3B51223525D} = {40D37DF5-85AF-494C-9A12-2FAFA1B051C8}
		{A31B6885-CBBA-4818-B129-4FE8E2482339} = {40D37DF5-85AF-494C-9A12-2FAFA1B051C8}
		{27BD280E-9580-495F-9B5D-4A032FE71B20} = {4DA37B02-730B-49C5-9958-E29D908545CA}
		{C5D03770-36FD-41F5-A9AD-788800478F89} = {4DA37B02-730B-49C5-9958-E29D908545CA}
		{4BE2C43D-6ECB-458E-8718-E8D508796918} = {4DA37B02-730B-49C5-9958-E29D908545CA}
		{8D51771A-24B6-4258-8EDC-DBCC2D485697} = {4DA37B02-730B-49C5-9958-E29D908545CA}
		{602D128F-A0F9-4B0C-982F-C8C79918529B} = {4DA37B02-730B-49C5-9958-E29D908545CA}
	EndGlobalSection
	GlobalSection(ExtensibilityGlobals) = postSolution
		SolutionGuid = {4976AADE-678F-45CC-83B1-2391AE250574}
	EndGlobalSection
EndGlobal
